// !$*UTF8*$!
{
	archiveVersion = 1;
	classes = {
	};
	objectVersion = 50;
	objects = {

/* Begin PBXBuildFile section */
		EE06A2A32684E7BA0046D283 /* Manna_BibleApp.swift in Sources */ = {isa = PBXBuildFile; fileRef = EE06A2A22684E7BA0046D283 /* Manna_BibleApp.swift */; };
		EE06A2A52684E7BA0046D283 /* HomeView.swift in Sources */ = {isa = PBXBuildFile; fileRef = EE06A2A42684E7BA0046D283 /* HomeView.swift */; };
		EE06A2A72684E7C00046D283 /* Assets.xcassets in Resources */ = {isa = PBXBuildFile; fileRef = EE06A2A62684E7C00046D283 /* Assets.xcassets */; };
		EE06A2AA2684E7C00046D283 /* Preview Assets.xcassets in Resources */ = {isa = PBXBuildFile; fileRef = EE06A2A92684E7C00046D283 /* Preview Assets.xcassets */; };
		EE390FA326867C6B00E5FD7C /* ReadingView.swift in Sources */ = {isa = PBXBuildFile; fileRef = EE390FA226867C6B00E5FD7C /* ReadingView.swift */; };
		EE390FA526867E3C00E5FD7C /* BookView.swift in Sources */ = {isa = PBXBuildFile; fileRef = EE390FA426867E3C00E5FD7C /* BookView.swift */; };
		EE390FA926867E7800E5FD7C /* SettingsView.swift in Sources */ = {isa = PBXBuildFile; fileRef = EE390FA826867E7800E5FD7C /* SettingsView.swift */; };
		EE6F23382693E619007671EF /* EBGaramond-ExtraBold.ttf in Resources */ = {isa = PBXBuildFile; fileRef = EE6F23372693E619007671EF /* EBGaramond-ExtraBold.ttf */; };
		EEE24C272697AF5400ED3F37 /* HKGrotesk-Medium.otf in Resources */ = {isa = PBXBuildFile; fileRef = EEE24C262697AF5300ED3F37 /* HKGrotesk-Medium.otf */; };
		EEE24C302697B52A00ED3F37 /* Info.plist in Resources */ = {isa = PBXBuildFile; fileRef = EEE24C2F2697B52A00ED3F37 /* Info.plist */; };
/* End PBXBuildFile section */

/* Begin PBXFileReference section */
		EE06A29F2684E7BA0046D283 /* Manna Bible.app */ = {isa = PBXFileReference; explicitFileType = wrapper.application; includeInIndex = 0; path = "Manna Bible.app"; sourceTree = BUILT_PRODUCTS_DIR; };
		EE06A2A22684E7BA0046D283 /* Manna_BibleApp.swift */ = {isa = PBXFileReference; lastKnownFileType = sourcecode.swift; path = Manna_BibleApp.swift; sourceTree = "<group>"; };
		EE06A2A42684E7BA0046D283 /* HomeView.swift */ = {isa = PBXFileReference; lastKnownFileType = sourcecode.swift; path = HomeView.swift; sourceTree = "<group>"; };
		EE06A2A62684E7C00046D283 /* Assets.xcassets */ = {isa = PBXFileReference; lastKnownFileType = folder.assetcatalog; path = Assets.xcassets; sourceTree = "<group>"; };
		EE06A2A92684E7C00046D283 /* Preview Assets.xcassets */ = {isa = PBXFileReference; lastKnownFileType = folder.assetcatalog; path = "Preview Assets.xcassets"; sourceTree = "<group>"; };
		EE390FA226867C6B00E5FD7C /* ReadingView.swift */ = {isa = PBXFileReference; lastKnownFileType = sourcecode.swift; path = ReadingView.swift; sourceTree = "<group>"; };
		EE390FA426867E3C00E5FD7C /* BookView.swift */ = {isa = PBXFileReference; lastKnownFileType = sourcecode.swift; path = BookView.swift; sourceTree = "<group>"; };
		EE390FA826867E7800E5FD7C /* SettingsView.swift */ = {isa = PBXFileReference; lastKnownFileType = sourcecode.swift; path = SettingsView.swift; sourceTree = "<group>"; };
		EE6F23372693E619007671EF /* EBGaramond-ExtraBold.ttf */ = {isa = PBXFileReference; lastKnownFileType = file; path = "EBGaramond-ExtraBold.ttf"; sourceTree = "<group>"; };
		EEE24C262697AF5300ED3F37 /* HKGrotesk-Medium.otf */ = {isa = PBXFileReference; lastKnownFileType = file; path = "HKGrotesk-Medium.otf"; sourceTree = "<group>"; };
		EEE24C2F2697B52A00ED3F37 /* Info.plist */ = {isa = PBXFileReference; fileEncoding = 4; lastKnownFileType = text.plist.xml; path = Info.plist; sourceTree = "<group>"; };
/* End PBXFileReference section */

/* Begin PBXFrameworksBuildPhase section */
		EE06A29C2684E7BA0046D283 /* Frameworks */ = {
			isa = PBXFrameworksBuildPhase;
			buildActionMask = 2147483647;
			files = (
			);
			runOnlyForDeploymentPostprocessing = 0;
		};
/* End PBXFrameworksBuildPhase section */

/* Begin PBXGroup section */
		EE06A2962684E7BA0046D283 = {
			isa = PBXGroup;
			children = (
				EE06A2A12684E7BA0046D283 /* Manna Bible */,
				EE06A2A02684E7BA0046D283 /* Products */,
			);
			sourceTree = "<group>";
		};
		EE06A2A02684E7BA0046D283 /* Products */ = {
			isa = PBXGroup;
			children = (
				EE06A29F2684E7BA0046D283 /* Manna Bible.app */,
			);
			name = Products;
			sourceTree = "<group>";
		};
		EE06A2A12684E7BA0046D283 /* Manna Bible */ = {
			isa = PBXGroup;
			children = (
				EE06A2B1268577030046D283 /* fonts */,
				EE06A2A22684E7BA0046D283 /* Manna_BibleApp.swift */,
				EE06A2A42684E7BA0046D283 /* HomeView.swift */,
				EE390FA226867C6B00E5FD7C /* ReadingView.swift */,
				EE390FA426867E3C00E5FD7C /* BookView.swift */,
				EE390FA826867E7800E5FD7C /* SettingsView.swift */,
				EEE24C2F2697B52A00ED3F37 /* Info.plist */,
				EE06A2A62684E7C00046D283 /* Assets.xcassets */,
				EE06A2A82684E7C00046D283 /* Preview Content */,
			);
			path = "Manna Bible";
			sourceTree = "<group>";
		};
		EE06A2A82684E7C00046D283 /* Preview Content */ = {
			isa = PBXGroup;
			children = (
				EE06A2A92684E7C00046D283 /* Preview Assets.xcassets */,
			);
			path = "Preview Content";
			sourceTree = "<group>";
		};
		EE06A2B1268577030046D283 /* fonts */ = {
			isa = PBXGroup;
			children = (
				EEE24C262697AF5300ED3F37 /* HKGrotesk-Medium.otf */,
				EE6F23372693E619007671EF /* EBGaramond-ExtraBold.ttf */,
			);
			path = fonts;
			sourceTree = "<group>";
		};
/* End PBXGroup section */

/* Begin PBXNativeTarget section */
		EE06A29E2684E7BA0046D283 /* Manna Bible */ = {
			isa = PBXNativeTarget;
			buildConfigurationList = EE06A2AE2684E7C00046D283 /* Build configuration list for PBXNativeTarget "Manna Bible" */;
			buildPhases = (
				EE06A29B2684E7BA0046D283 /* Sources */,
				EE06A29C2684E7BA0046D283 /* Frameworks */,
				EE06A29D2684E7BA0046D283 /* Resources */,
			);
			buildRules = (
			);
			dependencies = (
			);
			name = "Manna Bible";
			productName = "Manna Bible";
			productReference = EE06A29F2684E7BA0046D283 /* Manna Bible.app */;
			productType = "com.apple.product-type.application";
		};
/* End PBXNativeTarget section */

/* Begin PBXProject section */
		EE06A2972684E7BA0046D283 /* Project object */ = {
			isa = PBXProject;
			attributes = {
				LastSwiftUpdateCheck = 1250;
				LastUpgradeCheck = 1250;
				TargetAttributes = {
					EE06A29E2684E7BA0046D283 = {
						CreatedOnToolsVersion = 12.5.1;
					};
				};
			};
			buildConfigurationList = EE06A29A2684E7BA0046D283 /* Build configuration list for PBXProject "Manna Bible" */;
			compatibilityVersion = "Xcode 9.3";
			developmentRegion = en;
			hasScannedForEncodings = 0;
			knownRegions = (
				en,
				Base,
			);
			mainGroup = EE06A2962684E7BA0046D283;
			productRefGroup = EE06A2A02684E7BA0046D283 /* Products */;
			projectDirPath = "";
			projectRoot = "";
			targets = (
				EE06A29E2684E7BA0046D283 /* Manna Bible */,
			);
		};
/* End PBXProject section */

/* Begin PBXResourcesBuildPhase section */
		EE06A29D2684E7BA0046D283 /* Resources */ = {
			isa = PBXResourcesBuildPhase;
			buildActionMask = 2147483647;
			files = (
				EEE24C272697AF5400ED3F37 /* HKGrotesk-Medium.otf in Resources */,
				EE6F23382693E619007671EF /* EBGaramond-ExtraBold.ttf in Resources */,
				EE06A2AA2684E7C00046D283 /* Preview Assets.xcassets in Resources */,
				EEE24C302697B52A00ED3F37 /* Info.plist in Resources */,
				EE06A2A72684E7C00046D283 /* Assets.xcassets in Resources */,
			);
			runOnlyForDeploymentPostprocessing = 0;
		};
/* End PBXResourcesBuildPhase section */

/* Begin PBXSourcesBuildPhase section */
		EE06A29B2684E7BA0046D283 /* Sources */ = {
			isa = PBXSourcesBuildPhase;
			buildActionMask = 2147483647;
			files = (
				EE390FA926867E7800E5FD7C /* SettingsView.swift in Sources */,
				EE06A2A52684E7BA0046D283 /* HomeView.swift in Sources */,
				EE06A2A32684E7BA0046D283 /* Manna_BibleApp.swift in Sources */,
				EE390FA326867C6B00E5FD7C /* ReadingView.swift in Sources */,
				EE390FA526867E3C00E5FD7C /* BookView.swift in Sources */,
			);
			runOnlyForDeploymentPostprocessing = 0;
		};
/* End PBXSourcesBuildPhase section */

/* Begin XCBuildConfiguration section */
		EE06A2AC2684E7C00046D283 /* Debug */ = {
			isa = XCBuildConfiguration;
			buildSettings = {
				ALWAYS_SEARCH_USER_PATHS = NO;
				CLANG_ANALYZER_NONNULL = YES;
				CLANG_ANALYZER_NUMBER_OBJECT_CONVERSION = YES_AGGRESSIVE;
				CLANG_CXX_LANGUAGE_STANDARD = "gnu++14";
				CLANG_CXX_LIBRARY = "libc++";
				CLANG_ENABLE_MODULES = YES;
				CLANG_ENABLE_OBJC_ARC = YES;
				CLANG_ENABLE_OBJC_WEAK = YES;
				CLANG_WARN_BLOCK_CAPTURE_AUTORELEASING = YES;
				CLANG_WARN_BOOL_CONVERSION = YES;
				CLANG_WARN_COMMA = YES;
				CLANG_WARN_CONSTANT_CONVERSION = YES;
				CLANG_WARN_DEPRECATED_OBJC_IMPLEMENTATIONS = YES;
				CLANG_WARN_DIRECT_OBJC_ISA_USAGE = YES_ERROR;
				CLANG_WARN_DOCUMENTATION_COMMENTS = YES;
				CLANG_WARN_EMPTY_BODY = YES;
				CLANG_WARN_ENUM_CONVERSION = YES;
				CLANG_WARN_INFINITE_RECURSION = YES;
				CLANG_WARN_INT_CONVERSION = YES;
				CLANG_WARN_NON_LITERAL_NULL_CONVERSION = YES;
				CLANG_WARN_OBJC_IMPLICIT_RETAIN_SELF = YES;
				CLANG_WARN_OBJC_LITERAL_CONVERSION = YES;
				CLANG_WARN_OBJC_ROOT_CLASS = YES_ERROR;
				CLANG_WARN_QUOTED_INCLUDE_IN_FRAMEWORK_HEADER = YES;
				CLANG_WARN_RANGE_LOOP_ANALYSIS = YES;
				CLANG_WARN_STRICT_PROTOTYPES = YES;
				CLANG_WARN_SUSPICIOUS_MOVE = YES;
				CLANG_WARN_UNGUARDED_AVAILABILITY = YES_AGGRESSIVE;
				CLANG_WARN_UNREACHABLE_CODE = YES;
				CLANG_WARN__DUPLICATE_METHOD_MATCH = YES;
				COPY_PHASE_STRIP = NO;
				DEBUG_INFORMATION_FORMAT = dwarf;
				ENABLE_STRICT_OBJC_MSGSEND = YES;
				ENABLE_TESTABILITY = YES;
				GCC_C_LANGUAGE_STANDARD = gnu11;
				GCC_DYNAMIC_NO_PIC = NO;
				GCC_NO_COMMON_BLOCKS = YES;
				GCC_OPTIMIZATION_LEVEL = 0;
				GCC_PREPROCESSOR_DEFINITIONS = (
					"DEBUG=1",
					"$(inherited)",
				);
				GCC_WARN_64_TO_32_BIT_CONVERSION = YES;
				GCC_WARN_ABOUT_RETURN_TYPE = YES_ERROR;
				GCC_WARN_UNDECLARED_SELECTOR = YES;
				GCC_WARN_UNINITIALIZED_AUTOS = YES_AGGRESSIVE;
				GCC_WARN_UNUSED_FUNCTION = YES;
				GCC_WARN_UNUSED_VARIABLE = YES;
				IPHONEOS_DEPLOYMENT_TARGET = 14.5;
				MTL_ENABLE_DEBUG_INFO = INCLUDE_SOURCE;
				MTL_FAST_MATH = YES;
				ONLY_ACTIVE_ARCH = YES;
				SDKROOT = iphoneos;
				SWIFT_ACTIVE_COMPILATION_CONDITIONS = DEBUG;
				SWIFT_OPTIMIZATION_LEVEL = "-Onone";
			};
			name = Debug;
		};
		EE06A2AD2684E7C00046D283 /* Release */ = {
			isa = XCBuildConfiguration;
			buildSettings = {
				ALWAYS_SEARCH_USER_PATHS = NO;
				CLANG_ANALYZER_NONNULL = YES;
				CLANG_ANALYZER_NUMBER_OBJECT_CONVERSION = YES_AGGRESSIVE;
				CLANG_CXX_LANGUAGE_STANDARD = "gnu++14";
				CLANG_CXX_LIBRARY = "libc++";
				CLANG_ENABLE_MODULES = YES;
				CLANG_ENABLE_OBJC_ARC = YES;
				CLANG_ENABLE_OBJC_WEAK = YES;
				CLANG_WARN_BLOCK_CAPTURE_AUTORELEASING = YES;
				CLANG_WARN_BOOL_CONVERSION = YES;
				CLANG_WARN_COMMA = YES;
				CLANG_WARN_CONSTANT_CONVERSION = YES;
				CLANG_WARN_DEPRECATED_OBJC_IMPLEMENTATIONS = YES;
				CLANG_WARN_DIRECT_OBJC_ISA_USAGE = YES_ERROR;
				CLANG_WARN_DOCUMENTATION_COMMENTS = YES;
				CLANG_WARN_EMPTY_BODY = YES;
				CLANG_WARN_ENUM_CONVERSION = YES;
				CLANG_WARN_INFINITE_RECURSION = YES;
				CLANG_WARN_INT_CONVERSION = YES;
				CLANG_WARN_NON_LITERAL_NULL_CONVERSION = YES;
				CLANG_WARN_OBJC_IMPLICIT_RETAIN_SELF = YES;
				CLANG_WARN_OBJC_LITERAL_CONVERSION = YES;
				CLANG_WARN_OBJC_ROOT_CLASS = YES_ERROR;
				CLANG_WARN_QUOTED_INCLUDE_IN_FRAMEWORK_HEADER = YES;
				CLANG_WARN_RANGE_LOOP_ANALYSIS = YES;
				CLANG_WARN_STRICT_PROTOTYPES = YES;
				CLANG_WARN_SUSPICIOUS_MOVE = YES;
				CLANG_WARN_UNGUARDED_AVAILABILITY = YES_AGGRESSIVE;
				CLANG_WARN_UNREACHABLE_CODE = YES;
				CLANG_WARN__DUPLICATE_METHOD_MATCH = YES;
				COPY_PHASE_STRIP = NO;
				DEBUG_INFORMATION_FORMAT = "dwarf-with-dsym";
				ENABLE_NS_ASSERTIONS = NO;
				ENABLE_STRICT_OBJC_MSGSEND = YES;
				GCC_C_LANGUAGE_STANDARD = gnu11;
				GCC_NO_COMMON_BLOCKS = YES;
				GCC_WARN_64_TO_32_BIT_CONVERSION = YES;
				GCC_WARN_ABOUT_RETURN_TYPE = YES_ERROR;
				GCC_WARN_UNDECLARED_SELECTOR = YES;
				GCC_WARN_UNINITIALIZED_AUTOS = YES_AGGRESSIVE;
				GCC_WARN_UNUSED_FUNCTION = YES;
				GCC_WARN_UNUSED_VARIABLE = YES;
				IPHONEOS_DEPLOYMENT_TARGET = 14.5;
				MTL_ENABLE_DEBUG_INFO = NO;
				MTL_FAST_MATH = YES;
				SDKROOT = iphoneos;
				SWIFT_COMPILATION_MODE = wholemodule;
				SWIFT_OPTIMIZATION_LEVEL = "-O";
				VALIDATE_PRODUCT = YES;
			};
			name = Release;
		};
		EE06A2AF2684E7C00046D283 /* Debug */ = {
			isa = XCBuildConfiguration;
			buildSettings = {
				ASSETCATALOG_COMPILER_APPICON_NAME = AppIcon;
				ASSETCATALOG_COMPILER_GLOBAL_ACCENT_COLOR_NAME = AccentColor;
				CODE_SIGN_ENTITLEMENTS = "Manna Bible/Manna Bible.entitlements";
				CODE_SIGN_STYLE = Automatic;
				DEVELOPMENT_ASSET_PATHS = "\"Manna Bible/Preview Content\"";
				DEVELOPMENT_TEAM = FG7CG2479W;
				ENABLE_PREVIEWS = YES;
				INFOPLIST_FILE = "Manna Bible/Info.plist";
				IPHONEOS_DEPLOYMENT_TARGET = 14.0;
				LD_RUNPATH_SEARCH_PATHS = (
					"$(inherited)",
					"@executable_path/Frameworks",
				);
				PRODUCT_BUNDLE_IDENTIFIER = "com.Manna.Manna-Bible";
				PRODUCT_NAME = "$(TARGET_NAME)";
				SWIFT_VERSION = 5.0;
				TARGETED_DEVICE_FAMILY = "1,2";
			};
			name = Debug;
		};
		EE06A2B02684E7C00046D283 /* Release */ = {
			isa = XCBuildConfiguration;
			buildSettings = {
				ASSETCATALOG_COMPILER_APPICON_NAME = AppIcon;
				ASSETCATALOG_COMPILER_GLOBAL_ACCENT_COLOR_NAME = AccentColor;
				CODE_SIGN_ENTITLEMENTS = "Manna Bible/Manna Bible.entitlements";
				CODE_SIGN_STYLE = Automatic;
				DEVELOPMENT_ASSET_PATHS = "\"Manna Bible/Preview Content\"";
				DEVELOPMENT_TEAM = FG7CG2479W;
				ENABLE_PREVIEWS = YES;
				INFOPLIST_FILE = "Manna Bible/Info.plist";
				IPHONEOS_DEPLOYMENT_TARGET = 14.0;
				LD_RUNPATH_SEARCH_PATHS = (
					"$(inherited)",
					"@executable_path/Frameworks",
				);
				PRODUCT_BUNDLE_IDENTIFIER = "com.Manna.Manna-Bible";
				PRODUCT_NAME = "$(TARGET_NAME)";
				SWIFT_VERSION = 5.0;
				TARGETED_DEVICE_FAMILY = "1,2";
			};
			name = Release;
		};
/* End XCBuildConfiguration section */

/* Begin XCConfigurationList section */
		EE06A29A2684E7BA0046D283 /* Build configuration list for PBXProject "Manna Bible" */ = {
			isa = XCConfigurationList;
			buildConfigurations = (
				EE06A2AC2684E7C00046D283 /* Debug */,
				EE06A2AD2684E7C00046D283 /* Release */,
			);
			defaultConfigurationIsVisible = 0;
			defaultConfigurationName = Release;
		};
		EE06A2AE2684E7C00046D283 /* Build configuration list for PBXNativeTarget "Manna Bible" */ = {
			isa = XCConfigurationList;
			buildConfigurations = (
				EE06A2AF2684E7C00046D283 /* Debug */,
				EE06A2B02684E7C00046D283 /* Release */,
			);
			defaultConfigurationIsVisible = 0;
			defaultConfigurationName = Release;
		};
/* End XCConfigurationList section */
	};
	rootObject = EE06A2972684E7BA0046D283 /* Project object */;
}
